
Microsoft Visual Studio Solution File, Format Version 12.00
# Visual Studio Version 17
VisualStudioVersion = 17.9.34723.18
MinimumVisualStudioVersion = 10.0.40219.1
Project("{FAE04EC0-301F-11D3-BF4B-00C04F79EFBC}") = "Identity_Jwt_Rolebase_WebApi", "Identity_Jwt_Rolebase_WebApi\Identity_Jwt_Rolebase_WebApi.csproj", "{11458BE7-647B-4916-873F-F0C60AFCE64C}"
EndProject
Global
	GlobalSection(SolutionConfigurationPlatforms) = preSolution
		Debug|Any CPU = Debug|Any CPU
		Release|Any CPU = Release|Any CPU
	EndGlobalSection
	GlobalSection(ProjectConfigurationPlatforms) = postSolution
		{11458BE7-647B-4916-873F-F0C60AFCE64C}.Debug|Any CPU.ActiveCfg = Debug|Any CPU
		{11458BE7-647B-4916-873F-F0C60AFCE64C}.Debug|Any CPU.Build.0 = Debug|Any CPU
		{11458BE7-647B-4916-873F-F0C60AFCE64C}.Release|Any CPU.ActiveCfg = Release|Any CPU
		{11458BE7-647B-4916-873F-F0C60AFCE64C}.Release|Any CPU.Build.0 = Release|Any CPU
	EndGlobalSection
	GlobalSection(SolutionProperties) = preSolution
		HideSolutionNode = FALSE
	EndGlobalSection
	GlobalSection(ExtensibilityGlobals) = postSolution
		SolutionGuid = {EC515B56-CD81-4D37-832E-79CA9E659E51}
	EndGlobalSection
EndGlobal
